{
  "version": 4,
  "terraform_version": "1.15.6",
  "serial": 12,
  "lineage": "839322a2-0326-0913-9823-e540b2f1d0f2",
  "outputs": {
    "aap_console_url": {
      "value": "https://aap-controller-lab-unique.eastus.cloudapp.azure.com",
      "type": "string"
    },
    "public_ip_address": {
      "value": "172.203.243.26",
      "type": "string"
    },
    "public_ip_dns_name": {
      "value": "aap-controller-lab-unique.eastus.cloudapp.azure.com",
      "type": "string"
    },
    "resource_group_name": {
      "value": "rg-ansible-automation-platform",
      "type": "string"
    },
    "ssh_command": {
      "value": "ssh -i $HOME/.ssh/id_rsa.pub azureuser@aap-controller-lab-unique.eastus.cloudapp.azure.com",
      "type": "string"
    }
  },
  "resources": [
    {
      "mode": "managed",
      "type": "azurerm_linux_virtual_machine",
      "name": "vm",
      "provider": "provider[\"registry.terraform.io/hashicorp/azurerm\"]",
      "instances": [
        {
          "schema_version": 0,
          "attributes": {
            "additional_capabilities": [
              {
                "hibernation_enabled": false,
                "ultra_ssd_enabled": false
              }
            ],
            "admin_password": null,
            "admin_ssh_key": [
              {
                "public_key": "ssh-rsa AAAAB3NzaC1yc2EAAAADAQABAAABgQC8/YO7WXxxQbWmS2ZsswiC2rreIG5HIp6w3xHUYJq3fXgWmsBBzUY1l252/64wNXTg+DwOpSni9hFqDOFst5m9t0/YA1ziyrpckihbkrfvojAhFmAj6mAS7PjhoGkRFVMyG56/GtvWQ7YnvKKPMa773xLFAw5RMgFvdbBRlWdHs9inKRp3JJdRxT5OYu11OHBnDd2/VpW3d1TmEs/qYOqqGdhVOoeZf4o6QjbjCwa5gQWkLdYQPW/dexflI0jcczWTgfCYNNSTAhOuSEPjCAqXaYxCSWYM6JQLxf5OXC8q2tQ/5fRO9vm4yuzDnp4UK5A5+MCX674BWaMzNF7lmHAiMjn6v9++LmcoH+JITXePTZ0R3SSJfKosSQM2qFy7csX7OqMNJguuhGQm84ACUrEXlU6I0O2gteLaul78UPTP9rJRDzPuxKUfkcssvrYZgj7lCz2rS7yPQg1LPW3m+sbQIayDG3n2nS2qdjpnznd+7lnsCFFV2srnZAZIIwyqlD0= generated-by-azure",
                "username": "azureuser"
              }
            ],
            "admin_username": "azureuser",
            "allow_extension_operations": true,
            "availability_set_id": "",
            "boot_diagnostics": [
              {
                "storage_account_uri": ""
              }
            ],
            "bypass_platform_safety_checks_on_user_schedule_enabled": false,
            "capacity_reservation_group_id": "",
            "computer_name": "vm-aap-controller",
            "custom_data": null,
            "dedicated_host_group_id": "",
            "dedicated_host_id": "",
            "disable_password_authentication": true,
            "disk_controller_type": "NVMe",
            "edge_zone": "",
            "encryption_at_host_enabled": false,
            "eviction_policy": "",
            "extensions_time_budget": "PT1H30M",
            "gallery_application": [],
            "id": "/subscriptions/98934eee-babe-42eb-972f-5d9b049e6e8f/resourceGroups/rg-ansible-automation-platform/providers/Microsoft.Compute/virtualMachines/vm-aap-controller",
            "identity": [],
            "license_type": "",
            "location": "eastus",
            "max_bid_price": -1,
            "name": "vm-aap-controller",
            "network_interface_ids": [
              "/subscriptions/98934eee-babe-42eb-972f-5d9b049e6e8f/resourceGroups/rg-ansible-automation-platform/providers/Microsoft.Network/networkInterfaces/vm-aap-controller103"
            ],
            "os_disk": [
              {
                "caching": "ReadWrite",
                "diff_disk_settings": [],
                "disk_encryption_set_id": "",
                "disk_size_gb": 64,
                "name": "vm-aap-controller_OsDisk_1_f2381822d3024cb5b09ffc632095322e",
                "secure_vm_disk_encryption_set_id": "",
                "security_encryption_type": "",
                "storage_account_type": "Premium_LRS",
                "write_accelerator_enabled": false
              }
            ],
            "os_image_notification": [],
            "patch_assessment_mode": "ImageDefault",
            "patch_mode": "ImageDefault",
            "plan": [],
            "platform_fault_domain": -1,
            "priority": "Regular",
            "private_ip_address": "172.16.0.4",
            "private_ip_addresses": [
              "172.16.0.4"
            ],
            "provision_vm_agent": true,
            "proximity_placement_group_id": "",
            "public_ip_address": "172.203.243.26",
            "public_ip_addresses": [
              "172.203.243.26"
            ],
            "reboot_setting": "",
            "resource_group_name": "rg-ansible-automation-platform",
            "secret": [],
            "secure_boot_enabled": true,
            "size": "Standard_D4ds_v7",
            "source_image_id": "",
            "source_image_reference": [
              {
                "offer": "RHEL",
                "publisher": "RedHat",
                "sku": "94_gen2",
                "version": "latest"
              }
            ],
            "tags": {},
            "termination_notification": [],
            "timeouts": null,
            "user_data": "",
            "virtual_machine_id": "ccefe836-eed9-44cf-84f5-395f495a70d9",
            "virtual_machine_scale_set_id": "",
            "vm_agent_platform_updates_enabled": false,
            "vtpm_enabled": true,
            "zone": "1"
          },
          "sensitive_attributes": [
            [
              {
                "type": "get_attr",
                "value": "admin_password"
              }
            ],
            [
              {
                "type": "get_attr",
                "value": "custom_data"
              }
            ]
          ],
          "identity_schema_version": 0,
          "private": "eyJlMmJmYjczMC1lY2FhLTExZTYtOGY4OC0zNDM2M2JjN2M0YzAiOnsiY3JlYXRlIjoyNzAwMDAwMDAwMDAwLCJkZWxldGUiOjI3MDAwMDAwMDAwMDAsInJlYWQiOjMwMDAwMDAwMDAwMCwidXBkYXRlIjoyNzAwMDAwMDAwMDAwfSwic2NoZW1hX3ZlcnNpb24iOiIwIn0="
        }
      ]
    },
    {
      "mode": "managed",
      "type": "azurerm_network_interface",
      "name": "nic",
      "provider": "provider[\"registry.terraform.io/hashicorp/azurerm\"]",
      "instances": [
        {
          "schema_version": 0,
          "attributes": {
            "accelerated_networking_enabled": false,
            "applied_dns_servers": [],
            "auxiliary_mode": "",
            "auxiliary_sku": "",
            "dns_servers": [],
            "edge_zone": "",
            "enable_accelerated_networking": false,
            "enable_ip_forwarding": false,
            "id": "/subscriptions/98934eee-babe-42eb-972f-5d9b049e6e8f/resourceGroups/rg-ansible-automation-platform/providers/Microsoft.Network/networkInterfaces/nic-aap-controller",
            "internal_dns_name_label": "",
            "internal_domain_name_suffix": "mf0qkfpb1ojupoe0xz4hra5zjd.bx.internal.cloudapp.net",
            "ip_configuration": [
              {
                "gateway_load_balancer_frontend_ip_configuration_id": "",
                "name": "internal",
                "primary": true,
                "private_ip_address": "10.0.1.4",
                "private_ip_address_allocation": "Dynamic",
                "private_ip_address_version": "IPv4",
                "public_ip_address_id": "/subscriptions/98934eee-babe-42eb-972f-5d9b049e6e8f/resourceGroups/rg-ansible-automation-platform/providers/Microsoft.Network/publicIPAddresses/pip-aap-controller",
                "subnet_id": "/subscriptions/98934eee-babe-42eb-972f-5d9b049e6e8f/resourceGroups/rg-ansible-automation-platform/providers/Microsoft.Network/virtualNetworks/vnet-aap/subnets/subnet-aap"
              }
            ],
            "ip_forwarding_enabled": false,
            "location": "eastus",
            "mac_address": "",
            "name": "nic-aap-controller",
            "private_ip_address": "10.0.1.4",
            "private_ip_addresses": [
              "10.0.1.4"
            ],
            "resource_group_name": "rg-ansible-automation-platform",
            "tags": null,
            "timeouts": null,
            "virtual_machine_id": ""
          },
          "sensitive_attributes": [],
          "identity_schema_version": 0,
          "private": "eyJlMmJmYjczMC1lY2FhLTExZTYtOGY4OC0zNDM2M2JjN2M0YzAiOnsiY3JlYXRlIjoxODAwMDAwMDAwMDAwLCJkZWxldGUiOjE4MDAwMDAwMDAwMDAsInJlYWQiOjMwMDAwMDAwMDAwMCwidXBkYXRlIjoxODAwMDAwMDAwMDAwfX0=",
          "dependencies": [
            "azurerm_public_ip.public_ip",
            "azurerm_resource_group.rg",
            "azurerm_subnet.subnet",
            "azurerm_virtual_network.vnet"
          ]
        }
      ]
    },
    {
      "mode": "managed",
      "type": "azurerm_network_interface_security_group_association",
      "name": "nic_nsg",
      "provider": "provider[\"registry.terraform.io/hashicorp/azurerm\"]",
      "instances": [
        {
          "schema_version": 0,
          "attributes": {
            "id": "/subscriptions/98934eee-babe-42eb-972f-5d9b049e6e8f/resourceGroups/rg-ansible-automation-platform/providers/Microsoft.Network/networkInterfaces/nic-aap-controller|/subscriptions/98934eee-babe-42eb-972f-5d9b049e6e8f/resourceGroups/rg-ansible-automation-platform/providers/Microsoft.Network/networkSecurityGroups/nsg-aap-controller",
            "network_interface_id": "/subscriptions/98934eee-babe-42eb-972f-5d9b049e6e8f/resourceGroups/rg-ansible-automation-platform/providers/Microsoft.Network/networkInterfaces/nic-aap-controller",
            "network_security_group_id": "/subscriptions/98934eee-babe-42eb-972f-5d9b049e6e8f/resourceGroups/rg-ansible-automation-platform/providers/Microsoft.Network/networkSecurityGroups/nsg-aap-controller",
            "timeouts": null
          },
          "sensitive_attributes": [],
          "identity_schema_version": 0,
          "private": "eyJlMmJmYjczMC1lY2FhLTExZTYtOGY4OC0zNDM2M2JjN2M0YzAiOnsiY3JlYXRlIjoxODAwMDAwMDAwMDAwLCJkZWxldGUiOjE4MDAwMDAwMDAwMDAsInJlYWQiOjMwMDAwMDAwMDAwMH19",
          "dependencies": [
            "azurerm_network_interface.nic",
            "azurerm_network_security_group.nsg",
            "azurerm_public_ip.public_ip",
            "azurerm_resource_group.rg",
            "azurerm_subnet.subnet",
            "azurerm_virtual_network.vnet"
          ]
        }
      ]
    },
    {
      "mode": "managed",
      "type": "azurerm_network_security_group",
      "name": "nsg",
      "provider": "provider[\"registry.terraform.io/hashicorp/azurerm\"]",
      "instances": [
        {
          "schema_version": 0,
          "attributes": {
            "id": "/subscriptions/98934eee-babe-42eb-972f-5d9b049e6e8f/resourceGroups/rg-ansible-automation-platform/providers/Microsoft.Network/networkSecurityGroups/nsg-aap-controller",
            "location": "eastus",
            "name": "nsg-aap-controller",
            "resource_group_name": "rg-ansible-automation-platform",
            "security_rule": [
              {
                "access": "Allow",
                "description": "",
                "destination_address_prefix": "*",
                "destination_address_prefixes": [],
                "destination_application_security_group_ids": [],
                "destination_port_range": "22",
                "destination_port_ranges": [],
                "direction": "Inbound",
                "name": "Allow-SSH",
                "priority": 1001,
                "protocol": "Tcp",
                "source_address_prefix": "*",
                "source_address_prefixes": [],
                "source_application_security_group_ids": [],
                "source_port_range": "*",
                "source_port_ranges": []
              },
              {
                "access": "Allow",
                "description": "",
                "destination_address_prefix": "*",
                "destination_address_prefixes": [],
                "destination_application_security_group_ids": [],
                "destination_port_range": "443",
                "destination_port_ranges": [],
                "direction": "Inbound",
                "name": "Allow-HTTPS",
                "priority": 1003,
                "protocol": "Tcp",
                "source_address_prefix": "*",
                "source_address_prefixes": [],
                "source_application_security_group_ids": [],
                "source_port_range": "*",
                "source_port_ranges": []
              },
              {
                "access": "Allow",
                "description": "",
                "destination_address_prefix": "*",
                "destination_address_prefixes": [],
                "destination_application_security_group_ids": [],
                "destination_port_range": "80",
                "destination_port_ranges": [],
                "direction": "Inbound",
                "name": "Allow-HTTP",
                "priority": 1002,
                "protocol": "Tcp",
                "source_address_prefix": "*",
                "source_address_prefixes": [],
                "source_application_security_group_ids": [],
                "source_port_range": "*",
                "source_port_ranges": []
              },
              {
                "access": "Allow",
                "description": "",
                "destination_address_prefix": "*",
                "destination_address_prefixes": [],
                "destination_application_security_group_ids": [],
                "destination_port_range": "8443",
                "destination_port_ranges": [],
                "direction": "Inbound",
                "name": "Allow-AAP-Web",
                "priority": 1004,
                "protocol": "Tcp",
                "source_address_prefix": "*",
                "source_address_prefixes": [],
                "source_application_security_group_ids": [],
                "source_port_range": "*",
                "source_port_ranges": []
              }
            ],
            "tags": {},
            "timeouts": null
          },
          "sensitive_attributes": [],
          "identity_schema_version": 0,
          "private": "eyJlMmJmYjczMC1lY2FhLTExZTYtOGY4OC0zNDM2M2JjN2M0YzAiOnsiY3JlYXRlIjoxODAwMDAwMDAwMDAwLCJkZWxldGUiOjE4MDAwMDAwMDAwMDAsInJlYWQiOjMwMDAwMDAwMDAwMCwidXBkYXRlIjoxODAwMDAwMDAwMDAwfX0=",
          "dependencies": [
            "azurerm_resource_group.rg"
          ]
        }
      ]
    },
    {
      "mode": "managed",
      "type": "azurerm_public_ip",
      "name": "public_ip",
      "provider": "provider[\"registry.terraform.io/hashicorp/azurerm\"]",
      "instances": [
        {
          "schema_version": 0,
          "attributes": {
            "allocation_method": "Static",
            "ddos_protection_mode": "VirtualNetworkInherited",
            "ddos_protection_plan_id": null,
            "domain_name_label": "aap-controller-lab-unique",
            "edge_zone": "",
            "fqdn": "aap-controller-lab-unique.eastus.cloudapp.azure.com",
            "id": "/subscriptions/98934eee-babe-42eb-972f-5d9b049e6e8f/resourceGroups/rg-ansible-automation-platform/providers/Microsoft.Network/publicIPAddresses/pip-aap-controller",
            "idle_timeout_in_minutes": 4,
            "ip_address": "4.227.216.84",
            "ip_tags": null,
            "ip_version": "IPv4",
            "location": "eastus",
            "name": "pip-aap-controller",
            "public_ip_prefix_id": null,
            "resource_group_name": "rg-ansible-automation-platform",
            "reverse_fqdn": "",
            "sku": "Standard",
            "sku_tier": "Regional",
            "tags": null,
            "timeouts": null,
            "zones": null
          },
          "sensitive_attributes": [],
          "identity_schema_version": 0,
          "private": "eyJlMmJmYjczMC1lY2FhLTExZTYtOGY4OC0zNDM2M2JjN2M0YzAiOnsiY3JlYXRlIjoxODAwMDAwMDAwMDAwLCJkZWxldGUiOjE4MDAwMDAwMDAwMDAsInJlYWQiOjMwMDAwMDAwMDAwMCwidXBkYXRlIjoxODAwMDAwMDAwMDAwfX0=",
          "dependencies": [
            "azurerm_resource_group.rg"
          ]
        }
      ]
    },
    {
      "mode": "managed",
      "type": "azurerm_resource_group",
      "name": "rg",
      "provider": "provider[\"registry.terraform.io/hashicorp/azurerm\"]",
      "instances": [
        {
          "schema_version": 0,
          "attributes": {
            "id": "/subscriptions/98934eee-babe-42eb-972f-5d9b049e6e8f/resourceGroups/rg-ansible-automation-platform",
            "location": "eastus",
            "managed_by": "",
            "name": "rg-ansible-automation-platform",
            "tags": {},
            "timeouts": null
          },
          "sensitive_attributes": [],
          "identity_schema_version": 0,
          "private": "eyJlMmJmYjczMC1lY2FhLTExZTYtOGY4OC0zNDM2M2JjN2M0YzAiOnsiY3JlYXRlIjo1NDAwMDAwMDAwMDAwLCJkZWxldGUiOjU0MDAwMDAwMDAwMDAsInJlYWQiOjMwMDAwMDAwMDAwMCwidXBkYXRlIjo1NDAwMDAwMDAwMDAwfX0="
        }
      ]
    },
    {
      "mode": "managed",
      "type": "azurerm_subnet",
      "name": "subnet",
      "provider": "provider[\"registry.terraform.io/hashicorp/azurerm\"]",
      "instances": [
        {
          "schema_version": 0,
          "attributes": {
            "address_prefixes": [
              "10.0.1.0/24"
            ],
            "default_outbound_access_enabled": true,
            "delegation": [],
            "enforce_private_link_endpoint_network_policies": false,
            "enforce_private_link_service_network_policies": false,
            "id": "/subscriptions/98934eee-babe-42eb-972f-5d9b049e6e8f/resourceGroups/rg-ansible-automation-platform/providers/Microsoft.Network/virtualNetworks/vnet-aap/subnets/subnet-aap",
            "name": "subnet-aap",
            "private_endpoint_network_policies": "Enabled",
            "private_endpoint_network_policies_enabled": true,
            "private_link_service_network_policies_enabled": true,
            "resource_group_name": "rg-ansible-automation-platform",
            "service_endpoint_policy_ids": [],
            "service_endpoints": [],
            "timeouts": null,
            "virtual_network_name": "vnet-aap"
          },
          "sensitive_attributes": [],
          "identity_schema_version": 0,
          "private": "eyJlMmJmYjczMC1lY2FhLTExZTYtOGY4OC0zNDM2M2JjN2M0YzAiOnsiY3JlYXRlIjoxODAwMDAwMDAwMDAwLCJkZWxldGUiOjE4MDAwMDAwMDAwMDAsInJlYWQiOjMwMDAwMDAwMDAwMCwidXBkYXRlIjoxODAwMDAwMDAwMDAwfX0=",
          "dependencies": [
            "azurerm_resource_group.rg",
            "azurerm_virtual_network.vnet"
          ]
        }
      ]
    },
    {
      "mode": "managed",
      "type": "azurerm_virtual_network",
      "name": "vnet",
      "provider": "provider[\"registry.terraform.io/hashicorp/azurerm\"]",
      "instances": [
        {
          "schema_version": 0,
          "attributes": {
            "address_space": [
              "10.0.0.0/16"
            ],
            "bgp_community": "",
            "ddos_protection_plan": [],
            "dns_servers": [],
            "edge_zone": "",
            "encryption": [],
            "flow_timeout_in_minutes": 0,
            "guid": "15057561-dbe1-4793-b89a-be7c7883f94b",
            "id": "/subscriptions/98934eee-babe-42eb-972f-5d9b049e6e8f/resourceGroups/rg-ansible-automation-platform/providers/Microsoft.Network/virtualNetworks/vnet-aap",
            "location": "eastus",
            "name": "vnet-aap",
            "resource_group_name": "rg-ansible-automation-platform",
            "subnet": [
              {
                "address_prefix": "10.0.1.0/24",
                "id": "/subscriptions/98934eee-babe-42eb-972f-5d9b049e6e8f/resourceGroups/rg-ansible-automation-platform/providers/Microsoft.Network/virtualNetworks/vnet-aap/subnets/subnet-aap",
                "name": "subnet-aap",
                "security_group": ""
              }
            ],
            "tags": {},
            "timeouts": null
          },
          "sensitive_attributes": [],
          "identity_schema_version": 0,
          "private": "eyJlMmJmYjczMC1lY2FhLTExZTYtOGY4OC0zNDM2M2JjN2M0YzAiOnsiY3JlYXRlIjoxODAwMDAwMDAwMDAwLCJkZWxldGUiOjE4MDAwMDAwMDAwMDAsInJlYWQiOjMwMDAwMDAwMDAwMCwidXBkYXRlIjoxODAwMDAwMDAwMDAwfX0=",
          "dependencies": [
            "azurerm_resource_group.rg"
          ]
        }
      ]
    }
  ],
  "check_results": null
}
